// !$*UTF8*$!
{
	archiveVersion = 1;
	classes = {
	};
	objectVersion = 50;
	objects = {

/* Begin PBXBuildFile section */
		3371EDA122669CD90029A654 /* AppDelegate.swift in Sources */ = {isa = PBXBuildFile; fileRef = 3371EDA022669CD90029A654 /* AppDelegate.swift */; };
		3371EDA322669CD90029A654 /* ViewController.swift in Sources */ = {isa = PBXBuildFile; fileRef = 3371EDA222669CD90029A654 /* ViewController.swift */; };
		3371EDA622669CD90029A654 /* Main.storyboard in Resources */ = {isa = PBXBuildFile; fileRef = 3371EDA422669CD90029A654 /* Main.storyboard */; };
		3371EDA822669CDB0029A654 /* Assets.xcassets in Resources */ = {isa = PBXBuildFile; fileRef = 3371EDA722669CDB0029A654 /* Assets.xcassets */; };
		3371EDAB22669CDB0029A654 /* LaunchScreen.storyboard in Resources */ = {isa = PBXBuildFile; fileRef = 3371EDA922669CDB0029A654 /* LaunchScreen.storyboard */; };
		3371EDB622669CDB0029A654 /* diceappTests.swift in Sources */ = {isa = PBXBuildFile; fileRef = 3371EDB522669CDB0029A654 /* diceappTests.swift */; };
		3371EDC122669CDB0029A654 /* diceappUITests.swift in Sources */ = {isa = PBXBuildFile; fileRef = 3371EDC022669CDB0029A654 /* diceappUITests.swift */; };
		33CFD29A2267F08800A89B28 /* Viewcontroller2.swift in Sources */ = {isa = PBXBuildFile; fileRef = 33CFD2992267F08800A89B28 /* Viewcontroller2.swift */; };
/* End PBXBuildFile section */

/* Begin PBXContainerItemProxy section */
		3371EDB222669CDB0029A654 /* PBXContainerItemProxy */ = {
			isa = PBXContainerItemProxy;
			containerPortal = 3371ED9522669CD90029A654 /* Project object */;
			proxyType = 1;
			remoteGlobalIDString = 3371ED9C22669CD90029A654;
			remoteInfo = diceapp;
		};
		3371EDBD22669CDB0029A654 /* PBXContainerItemProxy */ = {
			isa = PBXContainerItemProxy;
			containerPortal = 3371ED9522669CD90029A654 /* Project object */;
			proxyType = 1;
			remoteGlobalIDString = 3371ED9C22669CD90029A654;
			remoteInfo = diceapp;
		};
/* End PBXContainerItemProxy section */

/* Begin PBXFileReference section */
		3371ED9D22669CD90029A654 /* diceapp.app */ = {isa = PBXFileReference; explicitFileType = wrapper.application; includeInIndex = 0; path = diceapp.app; sourceTree = BUILT_PRODUCTS_DIR; };
		3371EDA022669CD90029A654 /* AppDelegate.swift */ = {isa = PBXFileReference; lastKnownFileType = sourcecode.swift; path = AppDelegate.swift; sourceTree = "<group>"; };
		3371EDA222669CD90029A654 /* ViewController.swift */ = {isa = PBXFileReference; lastKnownFileType = sourcecode.swift; path = ViewController.swift; sourceTree = "<group>"; };
		3371EDA522669CD90029A654 /* Base */ = {isa = PBXFileReference; lastKnownFileType = file.storyboard; name = Base; path = Base.lproj/Main.storyboard; sourceTree = "<group>"; };
		3371EDA722669CDB0029A654 /* Assets.xcassets */ = {isa = PBXFileReference; lastKnownFileType = folder.assetcatalog; path = Assets.xcassets; sourceTree = "<group>"; };
		3371EDAA22669CDB0029A654 /* Base */ = {isa = PBXFileReference; lastKnownFileType = file.storyboard; name = Base; path = Base.lproj/LaunchScreen.storyboard; sourceTree = "<group>"; };
		3371EDAC22669CDB0029A654 /* Info.plist */ = {isa = PBXFileReference; lastKnownFileType = text.plist.xml; path = Info.plist; sourceTree = "<group>"; };
		3371EDB122669CDB0029A654 /* diceappTests.xctest */ = {isa = PBXFileReference; explicitFileType = wrapper.cfbundle; includeInIndex = 0; path = diceappTests.xctest; sourceTree = BUILT_PRODUCTS_DIR; };
		3371EDB522669CDB0029A654 /* diceappTests.swift */ = {isa = PBXFileReference; lastKnownFileType = sourcecode.swift; path = diceappTests.swift; sourceTree = "<group>"; };
		3371EDB722669CDB0029A654 /* Info.plist */ = {isa = PBXFileReference; lastKnownFileType = text.plist.xml; path = Info.plist; sourceTree = "<group>"; };
		3371EDBC22669CDB0029A654 /* diceappUITests.xctest */ = {isa = PBXFileReference; explicitFileType = wrapper.cfbundle; includeInIndex = 0; path = diceappUITests.xctest; sourceTree = BUILT_PRODUCTS_DIR; };
		3371EDC022669CDB0029A654 /* diceappUITests.swift */ = {isa = PBXFileReference; lastKnownFileType = sourcecode.swift; path = diceappUITests.swift; sourceTree = "<group>"; };
		3371EDC222669CDB0029A654 /* Info.plist */ = {isa = PBXFileReference; lastKnownFileType = text.plist.xml; path = Info.plist; sourceTree = "<group>"; };
		33CFD2992267F08800A89B28 /* Viewcontroller2.swift */ = {isa = PBXFileReference; lastKnownFileType = sourcecode.swift; path = Viewcontroller2.swift; sourceTree = "<group>"; };
/* End PBXFileReference section */

/* Begin PBXFrameworksBuildPhase section */
		3371ED9A22669CD90029A654 /* Frameworks */ = {
			isa = PBXFrameworksBuildPhase;
			buildActionMask = 2147483647;
			files = (
			);
			runOnlyForDeploymentPostprocessing = 0;
		};
		3371EDAE22669CDB0029A654 /* Frameworks */ = {
			isa = PBXFrameworksBuildPhase;
			buildActionMask = 2147483647;
			files = (
			);
			runOnlyForDeploymentPostprocessing = 0;
		};
		3371EDB922669CDB0029A654 /* Frameworks */ = {
			isa = PBXFrameworksBuildPhase;
			buildActionMask = 2147483647;
			files = (
			);
			runOnlyForDeploymentPostprocessing = 0;
		};
/* End PBXFrameworksBuildPhase section */

/* Begin PBXGroup section */
		3371ED9422669CD90029A654 = {
			isa = PBXGroup;
			children = (
				3371ED9F22669CD90029A654 /* diceapp */,
				3371EDB422669CDB0029A654 /* diceappTests */,
				3371EDBF22669CDB0029A654 /* diceappUITests */,
				3371ED9E22669CD90029A654 /* Products */,
			);
			sourceTree = "<group>";
		};
		3371ED9E22669CD90029A654 /* Products */ = {
			isa = PBXGroup;
			children = (
				3371ED9D22669CD90029A654 /* diceapp.app */,
				3371EDB122669CDB0029A654 /* diceappTests.xctest */,
				3371EDBC22669CDB0029A654 /* diceappUITests.xctest */,
			);
			name = Products;
			sourceTree = "<group>";
		};
		3371ED9F22669CD90029A654 /* diceapp */ = {
			isa = PBXGroup;
			children = (
				3371EDA022669CD90029A654 /* AppDelegate.swift */,
				3371EDA222669CD90029A654 /* ViewController.swift */,
				3371EDA422669CD90029A654 /* Main.storyboard */,
				3371EDA722669CDB0029A654 /* Assets.xcassets */,
				3371EDA922669CDB0029A654 /* LaunchScreen.storyboard */,
				3371EDAC22669CDB0029A654 /* Info.plist */,
				33CFD2992267F08800A89B28 /* Viewcontroller2.swift */,
			);
			path = diceapp;
			sourceTree = "<group>";
		};
		3371EDB422669CDB0029A654 /* diceappTests */ = {
			isa = PBXGroup;
			children = (
				3371EDB522669CDB0029A654 /* diceappTests.swift */,
				3371EDB722669CDB0029A654 /* Info.plist */,
			);
			path = diceappTests;
			sourceTree = "<group>";
		};
		3371EDBF22669CDB0029A654 /* diceappUITests */ = {
			isa = PBXGroup;
			children = (
				3371EDC022669CDB0029A654 /* diceappUITests.swift */,
				3371EDC222669CDB0029A654 /* Info.plist */,
			);
			path = diceappUITests;
			sourceTree = "<group>";
		};
/* End PBXGroup section */

/* Begin PBXNativeTarget section */
		3371ED9C22669CD90029A654 /* diceapp */ = {
			isa = PBXNativeTarget;
			buildConfigurationList = 3371EDC522669CDB0029A654 /* Build configuration list for PBXNativeTarget "diceapp" */;
			buildPhases = (
				3371ED9922669CD90029A654 /* Sources */,
				3371ED9A22669CD90029A654 /* Frameworks */,
				3371ED9B22669CD90029A654 /* Resources */,
			);
			buildRules = (
			);
			dependencies = (
			);
			name = diceapp;
			productName = diceapp;
			productReference = 3371ED9D22669CD90029A654 /* diceapp.app */;
			productType = "com.apple.product-type.application";
		};
		3371EDB022669CDB0029A654 /* diceappTests */ = {
			isa = PBXNativeTarget;
			buildConfigurationList = 3371EDC822669CDB0029A654 /* Build configuration list for PBXNativeTarget "diceappTests" */;
			buildPhases = (
				3371EDAD22669CDB0029A654 /* Sources */,
				3371EDAE22669CDB0029A654 /* Frameworks */,
				3371EDAF22669CDB0029A654 /* Resources */,
			);
			buildRules = (
			);
			dependencies = (
				3371EDB322669CDB0029A654 /* PBXTargetDependency */,
			);
			name = diceappTests;
			productName = diceappTests;
			productReference = 3371EDB122669CDB0029A654 /* diceappTests.xctest */;
			productType = "com.apple.product-type.bundle.unit-test";
		};
		3371EDBB22669CDB0029A654 /* diceappUITests */ = {
			isa = PBXNativeTarget;
			buildConfigurationList = 3371EDCB22669CDB0029A654 /* Build configuration list for PBXNativeTarget "diceappUITests" */;
			buildPhases = (
				3371EDB822669CDB0029A654 /* Sources */,
				3371EDB922669CDB0029A654 /* Frameworks */,
				3371EDBA22669CDB0029A654 /* Resources */,
			);
			buildRules = (
			);
			dependencies = (
				3371EDBE22669CDB0029A654 /* PBXTargetDependency */,
			);
			name = diceappUITests;
			productName = diceappUITests;
			productReference = 3371EDBC22669CDB0029A654 /* diceappUITests.xctest */;
			productType = "com.apple.product-type.bundle.ui-testing";
		};
/* End PBXNativeTarget section */

/* Begin PBXProject section */
		3371ED9522669CD90029A654 /* Project object */ = {
			isa = PBXProject;
			attributes = {
				LastSwiftUpdateCheck = 1020;
				LastUpgradeCheck = 1020;
				ORGANIZATIONNAME = user152277;
				TargetAttributes = {
					3371ED9C22669CD90029A654 = {
						CreatedOnToolsVersion = 10.2;
					};
					3371EDB022669CDB0029A654 = {
						CreatedOnToolsVersion = 10.2;
						TestTargetID = 3371ED9C22669CD90029A654;
					};
					3371EDBB22669CDB0029A654 = {
						CreatedOnToolsVersion = 10.2;
						TestTargetID = 3371ED9C22669CD90029A654;
					};
				};
			};
			buildConfigurationList = 3371ED9822669CD90029A654 /* Build configuration list for PBXProject "diceapp" */;
			compatibilityVersion = "Xcode 9.3";
			developmentRegion = en;
			hasScannedForEncodings = 0;
			knownRegions = (
				en,
				Base,
			);
			mainGroup = 3371ED9422669CD90029A654;
			productRefGroup = 3371ED9E22669CD90029A654 /* Products */;
			projectDirPath = "";
			projectRoot = "";
			targets = (
				3371ED9C22669CD90029A654 /* diceapp */,
				3371EDB022669CDB0029A654 /* diceappTests */,
				3371EDBB22669CDB0029A654 /* diceappUITests */,
			);
		};
/* End PBXProject section */

/* Begin PBXResourcesBuildPhase section */
		3371ED9B22669CD90029A654 /* Resources */ = {
			isa = PBXResourcesBuildPhase;
			buildActionMask = 2147483647;
			files = (
				3371EDAB22669CDB0029A654 /* LaunchScreen.storyboard in Resources */,
				3371EDA822669CDB0029A654 /* Assets.xcassets in Resources */,
				3371EDA622669CD90029A654 /* Main.storyboard in Resources */,
			);
			runOnlyForDeploymentPostprocessing = 0;
		};
		3371EDAF22669CDB0029A654 /* Resources */ = {
			isa = PBXResourcesBuildPhase;
			buildActionMask = 2147483647;
			files = (
			);
			runOnlyForDeploymentPostprocessing = 0;
		};
		3371EDBA22669CDB0029A654 /* Resources */ = {
			isa = PBXResourcesBuildPhase;
			buildActionMask = 2147483647;
			files = (
			);
			runOnlyForDeploymentPostprocessing = 0;
		};
/* End PBXResourcesBuildPhase section */

/* Begin PBXSourcesBuildPhase section */
		3371ED9922669CD90029A654 /* Sources */ = {
			isa = PBXSourcesBuildPhase;
			buildActionMask = 2147483647;
			files = (
				33CFD29A2267F08800A89B28 /* Viewcontroller2.swift in Sources */,
				3371EDA322669CD90029A654 /* ViewController.swift in Sources */,
				3371EDA122669CD90029A654 /* AppDelegate.swift in Sources */,
			);
			runOnlyForDeploymentPostprocessing = 0;
		};
		3371EDAD22669CDB0029A654 /* Sources */ = {
			isa = PBXSourcesBuildPhase;
			buildActionMask = 2147483647;
			files = (
				3371EDB622669CDB0029A654 /* diceappTests.swift in Sources */,
			);
			runOnlyForDeploymentPostprocessing = 0;
		};
		3371EDB822669CDB0029A654 /* Sources */ = {
			isa = PBXSourcesBuildPhase;
			buildActionMask = 2147483647;
			files = (
				3371EDC122669CDB0029A654 /* diceappUITests.swift in Sources */,
			);
			runOnlyForDeploymentPostprocessing = 0;
		};
/* End PBXSourcesBuildPhase section */

/* Begin PBXTargetDependency section */
		3371EDB322669CDB0029A654 /* PBXTargetDependency */ = {
			isa = PBXTargetDependency;
			target = 3371ED9C22669CD90029A654 /* diceapp */;
			targetProxy = 3371EDB222669CDB0029A654 /* PBXContainerItemProxy */;
		};
		3371EDBE22669CDB0029A654 /* PBXTargetDependency */ = {
			isa = PBXTargetDependency;
			target = 3371ED9C22669CD90029A654 /* diceapp */;
			targetProxy = 3371EDBD22669CDB0029A654 /* PBXContainerItemProxy */;
		};
/* End PBXTargetDependency section */

/* Begin PBXVariantGroup section */
		3371EDA422669CD90029A654 /* Main.storyboard */ = {
			isa = PBXVariantGroup;
			children = (
				3371EDA522669CD90029A654 /* Base */,
			);
			name = Main.storyboard;
			sourceTree = "<group>";
		};
		3371EDA922669CDB0029A654 /* LaunchScreen.storyboard */ = {
			isa = PBXVariantGroup;
			children = (
				3371EDAA22669CDB0029A654 /* Base */,
			);
			name = LaunchScreen.storyboard;
			sourceTree = "<group>";
		};
/* End PBXVariantGroup section */

/* Begin XCBuildConfiguration section */
		3371EDC322669CDB0029A654 /* Debug */ = {
			isa = XCBuildConfiguration;
			buildSettings = {
				ALWAYS_SEARCH_USER_PATHS = NO;
				CLANG_ANALYZER_NONNULL = YES;
				CLANG_ANALYZER_NUMBER_OBJECT_CONVERSION = YES_AGGRESSIVE;
				CLANG_CXX_LANGUAGE_STANDARD = "gnu++14";
				CLANG_CXX_LIBRARY = "libc++";
				CLANG_ENABLE_MODULES = YES;
				CLANG_ENABLE_OBJC_ARC = YES;
				CLANG_ENABLE_OBJC_WEAK = YES;
				CLANG_WARN_BLOCK_CAPTURE_AUTORELEASING = YES;
				CLANG_WARN_BOOL_CONVERSION = YES;
				CLANG_WARN_COMMA = YES;
				CLANG_WARN_CONSTANT_CONVERSION = YES;
				CLANG_WARN_DEPRECATED_OBJC_IMPLEMENTATIONS = YES;
				CLANG_WARN_DIRECT_OBJC_ISA_USAGE = YES_ERROR;
				CLANG_WARN_DOCUMENTATION_COMMENTS = YES;
				CLANG_WARN_EMPTY_BODY = YES;
				CLANG_WARN_ENUM_CONVERSION = YES;
				CLANG_WARN_INFINITE_RECURSION = YES;
				CLANG_WARN_INT_CONVERSION = YES;
				CLANG_WARN_NON_LITERAL_NULL_CONVERSION = YES;
				CLANG_WARN_OBJC_IMPLICIT_RETAIN_SELF = YES;
				CLANG_WARN_OBJC_LITERAL_CONVERSION = YES;
				CLANG_WARN_OBJC_ROOT_CLASS = YES_ERROR;
				CLANG_WARN_RANGE_LOOP_ANALYSIS = YES;
				CLANG_WARN_STRICT_PROTOTYPES = YES;
				CLANG_WARN_SUSPICIOUS_MOVE = YES;
				CLANG_WARN_UNGUARDED_AVAILABILITY = YES_AGGRESSIVE;
				CLANG_WARN_UNREACHABLE_CODE = YES;
				CLANG_WARN__DUPLICATE_METHOD_MATCH = YES;
				CODE_SIGN_IDENTITY = "iPhone Developer";
				COPY_PHASE_STRIP = NO;
				DEBUG_INFORMATION_FORMAT = dwarf;
				ENABLE_STRICT_OBJC_MSGSEND = YES;
				ENABLE_TESTABILITY = YES;
				GCC_C_LANGUAGE_STANDARD = gnu11;
				GCC_DYNAMIC_NO_PIC = NO;
				GCC_NO_COMMON_BLOCKS = YES;
				GCC_OPTIMIZATION_LEVEL = 0;
				GCC_PREPROCESSOR_DEFINITIONS = (
					"DEBUG=1",
					"$(inherited)",
				);
				GCC_WARN_64_TO_32_BIT_CONVERSION = YES;
				GCC_WARN_ABOUT_RETURN_TYPE = YES_ERROR;
				GCC_WARN_UNDECLARED_SELECTOR = YES;
				GCC_WARN_UNINITIALIZED_AUTOS = YES_AGGRESSIVE;
				GCC_WARN_UNUSED_FUNCTION = YES;
				GCC_WARN_UNUSED_VARIABLE = YES;
				IPHONEOS_DEPLOYMENT_TARGET = 12.2;
				MTL_ENABLE_DEBUG_INFO = INCLUDE_SOURCE;
				MTL_FAST_MATH = YES;
				ONLY_ACTIVE_ARCH = YES;
				SDKROOT = iphoneos;
				SWIFT_ACTIVE_COMPILATION_CONDITIONS = DEBUG;
				SWIFT_OPTIMIZATION_LEVEL = "-Onone";
			};
			name = Debug;
		};
		3371EDC422669CDB0029A654 /* Release */ = {
			isa = XCBuildConfiguration;
			buildSettings = {
				ALWAYS_SEARCH_USER_PATHS = NO;
				CLANG_ANALYZER_NONNULL = YES;
				CLANG_ANALYZER_NUMBER_OBJECT_CONVERSION = YES_AGGRESSIVE;
				CLANG_CXX_LANGUAGE_STANDARD = "gnu++14";
				CLANG_CXX_LIBRARY = "libc++";
				CLANG_ENABLE_MODULES = YES;
				CLANG_ENABLE_OBJC_ARC = YES;
				CLANG_ENABLE_OBJC_WEAK = YES;
				CLANG_WARN_BLOCK_CAPTURE_AUTORELEASING = YES;
				CLANG_WARN_BOOL_CONVERSION = YES;
				CLANG_WARN_COMMA = YES;
				CLANG_WARN_CONSTANT_CONVERSION = YES;
				CLANG_WARN_DEPRECATED_OBJC_IMPLEMENTATIONS = YES;
				CLANG_WARN_DIRECT_OBJC_ISA_USAGE = YES_ERROR;
				CLANG_WARN_DOCUMENTATION_COMMENTS = YES;
				CLANG_WARN_EMPTY_BODY = YES;
				CLANG_WARN_ENUM_CONVERSION = YES;
				CLANG_WARN_INFINITE_RECURSION = YES;
				CLANG_WARN_INT_CONVERSION = YES;
				CLANG_WARN_NON_LITERAL_NULL_CONVERSION = YES;
				CLANG_WARN_OBJC_IMPLICIT_RETAIN_SELF = YES;
				CLANG_WARN_OBJC_LITERAL_CONVERSION = YES;
				CLANG_WARN_OBJC_ROOT_CLASS = YES_ERROR;
				CLANG_WARN_RANGE_LOOP_ANALYSIS = YES;
				CLANG_WARN_STRICT_PROTOTYPES = YES;
				CLANG_WARN_SUSPICIOUS_MOVE = YES;
				CLANG_WARN_UNGUARDED_AVAILABILITY = YES_AGGRESSIVE;
				CLANG_WARN_UNREACHABLE_CODE = YES;
				CLANG_WARN__DUPLICATE_METHOD_MATCH = YES;
				CODE_SIGN_IDENTITY = "iPhone Developer";
				COPY_PHASE_STRIP = NO;
				DEBUG_INFORMATION_FORMAT = "dwarf-with-dsym";
				ENABLE_NS_ASSERTIONS = NO;
				ENABLE_STRICT_OBJC_MSGSEND = YES;
				GCC_C_LANGUAGE_STANDARD = gnu11;
				GCC_NO_COMMON_BLOCKS = YES;
				GCC_WARN_64_TO_32_BIT_CONVERSION = YES;
				GCC_WARN_ABOUT_RETURN_TYPE = YES_ERROR;
				GCC_WARN_UNDECLARED_SELECTOR = YES;
				GCC_WARN_UNINITIALIZED_AUTOS = YES_AGGRESSIVE;
				GCC_WARN_UNUSED_FUNCTION = YES;
				GCC_WARN_UNUSED_VARIABLE = YES;
				IPHONEOS_DEPLOYMENT_TARGET = 12.2;
				MTL_ENABLE_DEBUG_INFO = NO;
				MTL_FAST_MATH = YES;
				SDKROOT = iphoneos;
				SWIFT_COMPILATION_MODE = wholemodule;
				SWIFT_OPTIMIZATION_LEVEL = "-O";
				VALIDATE_PRODUCT = YES;
			};
			name = Release;
		};
		3371EDC622669CDB0029A654 /* Debug */ = {
			isa = XCBuildConfiguration;
			buildSettings = {
				ASSETCATALOG_COMPILER_APPICON_NAME = AppIcon;
				CODE_SIGN_STYLE = Automatic;
				INFOPLIST_FILE = diceapp/Info.plist;
				LD_RUNPATH_SEARCH_PATHS = (
					"$(inherited)",
					"@executable_path/Frameworks",
				);
				PRODUCT_BUNDLE_IDENTIFIER = com.ppu.diceapp;
				PRODUCT_NAME = "$(TARGET_NAME)";
				SWIFT_VERSION = 5.0;
				TARGETED_DEVICE_FAMILY = "1,2";
			};
			name = Debug;
		};
		3371EDC722669CDB0029A654 /* Release */ = {
			isa = XCBuildConfiguration;
			buildSettings = {
				ASSETCATALOG_COMPILER_APPICON_NAME = AppIcon;
				CODE_SIGN_STYLE = Automatic;
				INFOPLIST_FILE = diceapp/Info.plist;
				LD_RUNPATH_SEARCH_PATHS = (
					"$(inherited)",
					"@executable_path/Frameworks",
				);
				PRODUCT_BUNDLE_IDENTIFIER = com.ppu.diceapp;
				PRODUCT_NAME = "$(TARGET_NAME)";
				SWIFT_VERSION = 5.0;
				TARGETED_DEVICE_FAMILY = "1,2";
			};
			name = Release;
		};
		3371EDC922669CDB0029A654 /* Debug */ = {
			isa = XCBuildConfiguration;
			buildSettings = {
				ALWAYS_EMBED_SWIFT_STANDARD_LIBRARIES = YES;
				BUNDLE_LOADER = "$(TEST_HOST)";
				CODE_SIGN_STYLE = Automatic;
				INFOPLIST_FILE = diceappTests/Info.plist;
				LD_RUNPATH_SEARCH_PATHS = (
					"$(inherited)",
					"@executable_path/Frameworks",
					"@loader_path/Frameworks",
				);
				PRODUCT_BUNDLE_IDENTIFIER = com.ppu.diceappTests;
				PRODUCT_NAME = "$(TARGET_NAME)";
				SWIFT_VERSION = 5.0;
				TARGETED_DEVICE_FAMILY = "1,2";
				TEST_HOST = "$(BUILT_PRODUCTS_DIR)/diceapp.app/diceapp";
			};
			name = Debug;
		};
		3371EDCA22669CDB0029A654 /* Release */ = {
			isa = XCBuildConfiguration;
			buildSettings = {
				ALWAYS_EMBED_SWIFT_STANDARD_LIBRARIES = YES;
				BUNDLE_LOADER = "$(TEST_HOST)";
				CODE_SIGN_STYLE = Automatic;
				INFOPLIST_FILE = diceappTests/Info.plist;
				LD_RUNPATH_SEARCH_PATHS = (
					"$(inherited)",
					"@executable_path/Frameworks",
					"@loader_path/Frameworks",
				);
				PRODUCT_BUNDLE_IDENTIFIER = com.ppu.diceappTests;
				PRODUCT_NAME = "$(TARGET_NAME)";
				SWIFT_VERSION = 5.0;
				TARGETED_DEVICE_FAMILY = "1,2";
				TEST_HOST = "$(BUILT_PRODUCTS_DIR)/diceapp.app/diceapp";
			};
			name = Release;
		};
		3371EDCC22669CDB0029A654 /* Debug */ = {
			isa = XCBuildConfiguration;
			buildSettings = {
				ALWAYS_EMBED_SWIFT_STANDARD_LIBRARIES = YES;
				CODE_SIGN_STYLE = Automatic;
				INFOPLIST_FILE = diceappUITests/Info.plist;
				LD_RUNPATH_SEARCH_PATHS = (
					"$(inherited)",
					"@executable_path/Frameworks",
					"@loader_path/Frameworks",
				);
				PRODUCT_BUNDLE_IDENTIFIER = com.ppu.diceappUITests;
				PRODUCT_NAME = "$(TARGET_NAME)";
				SWIFT_VERSION = 5.0;
				TARGETED_DEVICE_FAMILY = "1,2";
				TEST_TARGET_NAME = diceapp;
			};
			name = Debug;
		};
		3371EDCD22669CDB0029A654 /* Release */ = {
			isa = XCBuildConfiguration;
			buildSettings = {
				ALWAYS_EMBED_SWIFT_STANDARD_LIBRARIES = YES;
				CODE_SIGN_STYLE = Automatic;
				INFOPLIST_FILE = diceappUITests/Info.plist;
				LD_RUNPATH_SEARCH_PATHS = (
					"$(inherited)",
					"@executable_path/Frameworks",
					"@loader_path/Frameworks",
				);
				PRODUCT_BUNDLE_IDENTIFIER = com.ppu.diceappUITests;
				PRODUCT_NAME = "$(TARGET_NAME)";
				SWIFT_VERSION = 5.0;
				TARGETED_DEVICE_FAMILY = "1,2";
				TEST_TARGET_NAME = diceapp;
			};
			name = Release;
		};
/* End XCBuildConfiguration section */

/* Begin XCConfigurationList section */
		3371ED9822669CD90029A654 /* Build configuration list for PBXProject "diceapp" */ = {
			isa = XCConfigurationList;
			buildConfigurations = (
				3371EDC322669CDB0029A654 /* Debug */,
				3371EDC422669CDB0029A654 /* Release */,
			);
			defaultConfigurationIsVisible = 0;
			defaultConfigurationName = Release;
		};
		3371EDC522669CDB0029A654 /* Build configuration list for PBXNativeTarget "diceapp" */ = {
			isa = XCConfigurationList;
			buildConfigurations = (
				3371EDC622669CDB0029A654 /* Debug */,
				3371EDC722669CDB0029A654 /* Release */,
			);
			defaultConfigurationIsVisible = 0;
			defaultConfigurationName = Release;
		};
		3371EDC822669CDB0029A654 /* Build configuration list for PBXNativeTarget "diceappTests" */ = {
			isa = XCConfigurationList;
			buildConfigurations = (
				3371EDC922669CDB0029A654 /* Debug */,
				3371EDCA22669CDB0029A654 /* Release */,
			);
			defaultConfigurationIsVisible = 0;
			defaultConfigurationName = Release;
		};
		3371EDCB22669CDB0029A654 /* Build configuration list for PBXNativeTarget "diceappUITests" */ = {
			isa = XCConfigurationList;
			buildConfigurations = (
				3371EDCC22669CDB0029A654 /* Debug */,
				3371EDCD22669CDB0029A654 /* Release */,
			);
			defaultConfigurationIsVisible = 0;
			defaultConfigurationName = Release;
		};
/* End XCConfigurationList section */
	};
	rootObject = 3371ED9522669CD90029A654 /* Project object */;
}
